Microsoft Visual Studio Solution File, Format Version 8.00
Project("{8BC9CEB8-8B4A-11D0-8D11-00A0C91BC942}") = "bouncing_lines", "bouncing_lines.vcproj", "{41F7D27C-1B40-447C-BBBD-6BE8DA51E3CD}"
	ProjectSection(ProjectDependencies) = postProject
	EndProjectSection
EndProject
Global
	GlobalSection(SolutionConfiguration) = preSolution
		Debug = Debug
		Release = Release
	EndGlobalSection
	GlobalSection(ProjectConfiguration) = postSolution
		{41F7D27C-1B40-447C-BBBD-6BE8DA51E3CD}.Debug.ActiveCfg = Debug|Win32
		{41F7D27C-1B40-447C-BBBD-6BE8DA51E3CD}.Debug.Build.0 = Debug|Win32
		{41F7D27C-1B40-447C-BBBD-6BE8DA51E3CD}.Release.ActiveCfg = Release|Win32
		{41F7D27C-1B40-447C-BBBD-6BE8DA51E3CD}.Release.Build.0 = Release|Win32
	EndGlobalSection
	GlobalSection(ExtensibilityGlobals) = postSolution
	EndGlobalSection
	GlobalSection(ExtensibilityAddIns) = postSolution
	EndGlobalSection
EndGlobal
